
Microsoft Visual Studio Solution File, Format Version 12.00
# Visual Studio Version 17
VisualStudioVersion = 17.14.36414.22 d17.14
MinimumVisualStudioVersion = 10.0.40219.1
Project("{FAE04EC0-301F-11D3-BF4B-00C04F79EFBC}") = "ConsoleCSEx6", "ConsoleCSEx6.csproj", "{4366E7F7-62C8-409B-97D2-91C970F5FF75}"
EndProject
Global
	GlobalSection(SolutionConfigurationPlatforms) = preSolution
		Debug|Any CPU = Debug|Any CPU
		Release|Any CPU = Release|Any CPU
	EndGlobalSection
	GlobalSection(ProjectConfigurationPlatforms) = postSolution
		{4366E7F7-62C8-409B-97D2-91C970F5FF75}.Debug|Any CPU.ActiveCfg = Debug|Any CPU
		{4366E7F7-62C8-409B-97D2-91C970F5FF75}.Debug|Any CPU.Build.0 = Debug|Any CPU
		{4366E7F7-62C8-409B-97D2-91C970F5FF75}.Release|Any CPU.ActiveCfg = Release|Any CPU
		{4366E7F7-62C8-409B-97D2-91C970F5FF75}.Release|Any CPU.Build.0 = Release|Any CPU
	EndGlobalSection
	GlobalSection(SolutionProperties) = preSolution
		HideSolutionNode = FALSE
	EndGlobalSection
	GlobalSection(ExtensibilityGlobals) = postSolution
		SolutionGuid = {954765CF-DF17-4815-A51B-A275E592DCB1}
	EndGlobalSection
EndGlobal
